
Microsoft Visual Studio Solution File, Format Version 12.00
# Visual Studio Version 16
VisualStudioVersion = 16.0.31911.196
MinimumVisualStudioVersion = 10.0.40219.1
Project("{8BC9CEB8-8B4A-11D0-8D11-00A0C91BC942}") = "ЛК3_1", "ЛК3_1.vcxproj", "{089CAE87-8FAD-43A7-A53C-E1E1E694CE6C}"
EndProject
Global
	GlobalSection(SolutionConfigurationPlatforms) = preSolution
		Debug|x64 = Debug|x64
		Debug|x86 = Debug|x86
		Release|x64 = Release|x64
		Release|x86 = Release|x86
	EndGlobalSection
	GlobalSection(ProjectConfigurationPlatforms) = postSolution
		{089CAE87-8FAD-43A7-A53C-E1E1E694CE6C}.Debug|x64.ActiveCfg = Debug|x64
		{089CAE87-8FAD-43A7-A53C-E1E1E694CE6C}.Debug|x64.Build.0 = Debug|x64
		{089CAE87-8FAD-43A7-A53C-E1E1E694CE6C}.Debug|x86.ActiveCfg = Debug|Win32
		{089CAE87-8FAD-43A7-A53C-E1E1E694CE6C}.Debug|x86.Build.0 = Debug|Win32
		{089CAE87-8FAD-43A7-A53C-E1E1E694CE6C}.Release|x64.ActiveCfg = Release|x64
		{089CAE87-8FAD-43A7-A53C-E1E1E694CE6C}.Release|x64.Build.0 = Release|x64
		{089CAE87-8FAD-43A7-A53C-E1E1E694CE6C}.Release|x86.ActiveCfg = Release|Win32
		{089CAE87-8FAD-43A7-A53C-E1E1E694CE6C}.Release|x86.Build.0 = Release|Win32
	EndGlobalSection
	GlobalSection(SolutionProperties) = preSolution
		HideSolutionNode = FALSE
	EndGlobalSection
	GlobalSection(ExtensibilityGlobals) = postSolution
		SolutionGuid = {30B7577E-A2B0-4A2B-88EA-E18D26B889E8}
	EndGlobalSection
EndGlobal
